
Microsoft Visual Studio Solution File, Format Version 12.00
# Visual Studio Version 16
VisualStudioVersion = 16.0.32106.194
MinimumVisualStudioVersion = 10.0.40219.1
Project("{FAE04EC0-301F-11D3-BF4B-00C04F79EFBC}") = "WagesApp", "WagesApp\WagesApp.csproj", "{630DE12A-6A01-4F22-A607-381C100ED0B1}"
EndProject
Global
	GlobalSection(SolutionConfigurationPlatforms) = preSolution
		Debug|Any CPU = Debug|Any CPU
		Release|Any CPU = Release|Any CPU
	EndGlobalSection
	GlobalSection(ProjectConfigurationPlatforms) = postSolution
		{630DE12A-6A01-4F22-A607-381C100ED0B1}.Debug|Any CPU.ActiveCfg = Debug|Any CPU
		{630DE12A-6A01-4F22-A607-381C100ED0B1}.Debug|Any CPU.Build.0 = Debug|Any CPU
		{630DE12A-6A01-4F22-A607-381C100ED0B1}.Release|Any CPU.ActiveCfg = Release|Any CPU
		{630DE12A-6A01-4F22-A607-381C100ED0B1}.Release|Any CPU.Build.0 = Release|Any CPU
	EndGlobalSection
	GlobalSection(SolutionProperties) = preSolution
		HideSolutionNode = FALSE
	EndGlobalSection
	GlobalSection(ExtensibilityGlobals) = postSolution
		SolutionGuid = {3178520B-04A4-4360-A0CF-E16DA63A1B33}
	EndGlobalSection
EndGlobal
